
Microsoft Visual Studio Solution File, Format Version 12.00
# Visual Studio Version 16
VisualStudioVersion = 16.0.31410.357
MinimumVisualStudioVersion = 10.0.40219.1
Project("{FAE04EC0-301F-11D3-BF4B-00C04F79EFBC}") = "XamarinPrism.Android", "XamarinPrism\XamarinPrism.Android\XamarinPrism.Android.csproj", "{42B1180F-E812-4D41-9A31-30C343A12B7D}"
EndProject
Project("{FAE04EC0-301F-11D3-BF4B-00C04F79EFBC}") = "XamarinPrism.iOS", "XamarinPrism\XamarinPrism.iOS\XamarinPrism.iOS.csproj", "{5B9F7173-93F7-44E5-AB57-342209D8A0EE}"
EndProject
Project("{FAE04EC0-301F-11D3-BF4B-00C04F79EFBC}") = "XamarinPrism", "XamarinPrism\XamarinPrism\XamarinPrism.csproj", "{9154BDB1-EFB0-470F-8D21-0FA5E9B0875A}"
EndProject
Global
	GlobalSection(SolutionConfigurationPlatforms) = preSolution
		Debug|Any CPU = Debug|Any CPU
		Debug|iPhone = Debug|iPhone
		Debug|iPhoneSimulator = Debug|iPhoneSimulator
		Release|Any CPU = Release|Any CPU
		Release|iPhone = Release|iPhone
		Release|iPhoneSimulator = Release|iPhoneSimulator
	EndGlobalSection
	GlobalSection(ProjectConfigurationPlatforms) = postSolution
		{42B1180F-E812-4D41-9A31-30C343A12B7D}.Debug|Any CPU.ActiveCfg = Debug|Any CPU
		{42B1180F-E812-4D41-9A31-30C343A12B7D}.Debug|Any CPU.Build.0 = Debug|Any CPU
		{42B1180F-E812-4D41-9A31-30C343A12B7D}.Debug|Any CPU.Deploy.0 = Debug|Any CPU
		{42B1180F-E812-4D41-9A31-30C343A12B7D}.Debug|iPhone.ActiveCfg = Debug|Any CPU
		{42B1180F-E812-4D41-9A31-30C343A12B7D}.Debug|iPhone.Build.0 = Debug|Any CPU
		{42B1180F-E812-4D41-9A31-30C343A12B7D}.Debug|iPhone.Deploy.0 = Debug|Any CPU
		{42B1180F-E812-4D41-9A31-30C343A12B7D}.Debug|iPhoneSimulator.ActiveCfg = Debug|Any CPU
		{42B1180F-E812-4D41-9A31-30C343A12B7D}.Debug|iPhoneSimulator.Build.0 = Debug|Any CPU
		{42B1180F-E812-4D41-9A31-30C343A12B7D}.Debug|iPhoneSimulator.Deploy.0 = Debug|Any CPU
		{42B1180F-E812-4D41-9A31-30C343A12B7D}.Release|Any CPU.ActiveCfg = Release|Any CPU
		{42B1180F-E812-4D41-9A31-30C343A12B7D}.Release|Any CPU.Build.0 = Release|Any CPU
		{42B1180F-E812-4D41-9A31-30C343A12B7D}.Release|Any CPU.Deploy.0 = Release|Any CPU
		{42B1180F-E812-4D41-9A31-30C343A12B7D}.Release|iPhone.ActiveCfg = Release|Any CPU
		{42B1180F-E812-4D41-9A31-30C343A12B7D}.Release|iPhone.Build.0 = Release|Any CPU
		{42B1180F-E812-4D41-9A31-30C343A12B7D}.Release|iPhone.Deploy.0 = Release|Any CPU
		{42B1180F-E812-4D41-9A31-30C343A12B7D}.Release|iPhoneSimulator.ActiveCfg = Release|Any CPU
		{42B1180F-E812-4D41-9A31-30C343A12B7D}.Release|iPhoneSimulator.Build.0 = Release|Any CPU
		{42B1180F-E812-4D41-9A31-30C343A12B7D}.Release|iPhoneSimulator.Deploy.0 = Release|Any CPU
		{5B9F7173-93F7-44E5-AB57-342209D8A0EE}.Debug|Any CPU.ActiveCfg = Debug|iPhone
		{5B9F7173-93F7-44E5-AB57-342209D8A0EE}.Debug|Any CPU.Build.0 = Debug|iPhone
		{5B9F7173-93F7-44E5-AB57-342209D8A0EE}.Debug|Any CPU.Deploy.0 = Debug|iPhone
		{5B9F7173-93F7-44E5-AB57-342209D8A0EE}.Debug|iPhone.ActiveCfg = Debug|iPhone
		{5B9F7173-93F7-44E5-AB57-342209D8A0EE}.Debug|iPhone.Build.0 = Debug|iPhone
		{5B9F7173-93F7-44E5-AB57-342209D8A0EE}.Debug|iPhone.Deploy.0 = Debug|iPhone
		{5B9F7173-93F7-44E5-AB57-342209D8A0EE}.Debug|iPhoneSimulator.ActiveCfg = Debug|iPhoneSimulator
		{5B9F7173-93F7-44E5-AB57-342209D8A0EE}.Debug|iPhoneSimulator.Build.0 = Debug|iPhoneSimulator
		{5B9F7173-93F7-44E5-AB57-342209D8A0EE}.Debug|iPhoneSimulator.Deploy.0 = Debug|iPhoneSimulator
		{5B9F7173-93F7-44E5-AB57-342209D8A0EE}.Release|Any CPU.ActiveCfg = Release|iPhoneSimulator
		{5B9F7173-93F7-44E5-AB57-342209D8A0EE}.Release|Any CPU.Build.0 = Release|iPhoneSimulator
		{5B9F7173-93F7-44E5-AB57-342209D8A0EE}.Release|Any CPU.Deploy.0 = Release|iPhoneSimulator
		{5B9F7173-93F7-44E5-AB57-342209D8A0EE}.Release|iPhone.ActiveCfg = Release|iPhone
		{5B9F7173-93F7-44E5-AB57-342209D8A0EE}.Release|iPhone.Build.0 = Release|iPhone
		{5B9F7173-93F7-44E5-AB57-342209D8A0EE}.Release|iPhone.Deploy.0 = Release|iPhone
		{5B9F7173-93F7-44E5-AB57-342209D8A0EE}.Release|iPhoneSimulator.ActiveCfg = Release|iPhoneSimulator
		{5B9F7173-93F7-44E5-AB57-342209D8A0EE}.Release|iPhoneSimulator.Build.0 = Release|iPhoneSimulator
		{5B9F7173-93F7-44E5-AB57-342209D8A0EE}.Release|iPhoneSimulator.Deploy.0 = Release|iPhoneSimulator
		{9154BDB1-EFB0-470F-8D21-0FA5E9B0875A}.Debug|Any CPU.ActiveCfg = Debug|Any CPU
		{9154BDB1-EFB0-470F-8D21-0FA5E9B0875A}.Debug|Any CPU.Build.0 = Debug|Any CPU
		{9154BDB1-EFB0-470F-8D21-0FA5E9B0875A}.Debug|Any CPU.Deploy.0 = Debug|Any CPU
		{9154BDB1-EFB0-470F-8D21-0FA5E9B0875A}.Debug|iPhone.ActiveCfg = Debug|Any CPU
		{9154BDB1-EFB0-470F-8D21-0FA5E9B0875A}.Debug|iPhone.Build.0 = Debug|Any CPU
		{9154BDB1-EFB0-470F-8D21-0FA5E9B0875A}.Debug|iPhone.Deploy.0 = Debug|Any CPU
		{9154BDB1-EFB0-470F-8D21-0FA5E9B0875A}.Debug|iPhoneSimulator.ActiveCfg = Debug|Any CPU
		{9154BDB1-EFB0-470F-8D21-0FA5E9B0875A}.Debug|iPhoneSimulator.Build.0 = Debug|Any CPU
		{9154BDB1-EFB0-470F-8D21-0FA5E9B0875A}.Debug|iPhoneSimulator.Deploy.0 = Debug|Any CPU
		{9154BDB1-EFB0-470F-8D21-0FA5E9B0875A}.Release|Any CPU.ActiveCfg = Release|Any CPU
		{9154BDB1-EFB0-470F-8D21-0FA5E9B0875A}.Release|Any CPU.Build.0 = Release|Any CPU
		{9154BDB1-EFB0-470F-8D21-0FA5E9B0875A}.Release|Any CPU.Deploy.0 = Release|Any CPU
		{9154BDB1-EFB0-470F-8D21-0FA5E9B0875A}.Release|iPhone.ActiveCfg = Release|Any CPU
		{9154BDB1-EFB0-470F-8D21-0FA5E9B0875A}.Release|iPhone.Build.0 = Release|Any CPU
		{9154BDB1-EFB0-470F-8D21-0FA5E9B0875A}.Release|iPhone.Deploy.0 = Release|Any CPU
		{9154BDB1-EFB0-470F-8D21-0FA5E9B0875A}.Release|iPhoneSimulator.ActiveCfg = Release|Any CPU
		{9154BDB1-EFB0-470F-8D21-0FA5E9B0875A}.Release|iPhoneSimulator.Build.0 = Release|Any CPU
		{9154BDB1-EFB0-470F-8D21-0FA5E9B0875A}.Release|iPhoneSimulator.Deploy.0 = Release|Any CPU
	EndGlobalSection
	GlobalSection(SolutionProperties) = preSolution
		HideSolutionNode = FALSE
	EndGlobalSection
	GlobalSection(ExtensibilityGlobals) = postSolution
		SolutionGuid = {39E04883-A414-4804-9FE3-9B6F35603529}
	EndGlobalSection
EndGlobal
