
Microsoft Visual Studio Solution File, Format Version 12.00
# Visual Studio Version 16
VisualStudioVersion = 16.0.31410.357
MinimumVisualStudioVersion = 10.0.40219.1
Project("{FAE04EC0-301F-11D3-BF4B-00C04F79EFBC}") = "PrismXamarin", "PrismXamarin\PrismXamarin\PrismXamarin.csproj", "{9E91BCC8-DC1D-420E-BF64-52924C83D8C0}"
EndProject
Project("{FAE04EC0-301F-11D3-BF4B-00C04F79EFBC}") = "PrismXamarin.Android", "PrismXamarin\PrismXamarin.Android\PrismXamarin.Android.csproj", "{8BF46221-A55D-4927-89EA-FCEBC926B989}"
EndProject
Project("{FAE04EC0-301F-11D3-BF4B-00C04F79EFBC}") = "PrismXamarin.iOS", "PrismXamarin\PrismXamarin.iOS\PrismXamarin.iOS.csproj", "{80DEF6EF-D5EB-41A1-9696-CD2C8FCC2878}"
EndProject
Global
	GlobalSection(SolutionConfigurationPlatforms) = preSolution
		Ad-Hoc|Any CPU = Ad-Hoc|Any CPU
		Ad-Hoc|iPhone = Ad-Hoc|iPhone
		Ad-Hoc|iPhoneSimulator = Ad-Hoc|iPhoneSimulator
		AppStore|Any CPU = AppStore|Any CPU
		AppStore|iPhone = AppStore|iPhone
		AppStore|iPhoneSimulator = AppStore|iPhoneSimulator
		Debug|Any CPU = Debug|Any CPU
		Debug|iPhone = Debug|iPhone
		Debug|iPhoneSimulator = Debug|iPhoneSimulator
		Release|Any CPU = Release|Any CPU
		Release|iPhone = Release|iPhone
		Release|iPhoneSimulator = Release|iPhoneSimulator
	EndGlobalSection
	GlobalSection(ProjectConfigurationPlatforms) = postSolution
		{9E91BCC8-DC1D-420E-BF64-52924C83D8C0}.Ad-Hoc|Any CPU.ActiveCfg = Debug|Any CPU
		{9E91BCC8-DC1D-420E-BF64-52924C83D8C0}.Ad-Hoc|Any CPU.Build.0 = Debug|Any CPU
		{9E91BCC8-DC1D-420E-BF64-52924C83D8C0}.Ad-Hoc|iPhone.ActiveCfg = Debug|Any CPU
		{9E91BCC8-DC1D-420E-BF64-52924C83D8C0}.Ad-Hoc|iPhone.Build.0 = Debug|Any CPU
		{9E91BCC8-DC1D-420E-BF64-52924C83D8C0}.Ad-Hoc|iPhoneSimulator.ActiveCfg = Debug|Any CPU
		{9E91BCC8-DC1D-420E-BF64-52924C83D8C0}.Ad-Hoc|iPhoneSimulator.Build.0 = Debug|Any CPU
		{9E91BCC8-DC1D-420E-BF64-52924C83D8C0}.AppStore|Any CPU.ActiveCfg = Debug|Any CPU
		{9E91BCC8-DC1D-420E-BF64-52924C83D8C0}.AppStore|Any CPU.Build.0 = Debug|Any CPU
		{9E91BCC8-DC1D-420E-BF64-52924C83D8C0}.AppStore|iPhone.ActiveCfg = Debug|Any CPU
		{9E91BCC8-DC1D-420E-BF64-52924C83D8C0}.AppStore|iPhone.Build.0 = Debug|Any CPU
		{9E91BCC8-DC1D-420E-BF64-52924C83D8C0}.AppStore|iPhoneSimulator.ActiveCfg = Debug|Any CPU
		{9E91BCC8-DC1D-420E-BF64-52924C83D8C0}.AppStore|iPhoneSimulator.Build.0 = Debug|Any CPU
		{9E91BCC8-DC1D-420E-BF64-52924C83D8C0}.Debug|Any CPU.ActiveCfg = Debug|Any CPU
		{9E91BCC8-DC1D-420E-BF64-52924C83D8C0}.Debug|Any CPU.Build.0 = Debug|Any CPU
		{9E91BCC8-DC1D-420E-BF64-52924C83D8C0}.Debug|iPhone.ActiveCfg = Debug|Any CPU
		{9E91BCC8-DC1D-420E-BF64-52924C83D8C0}.Debug|iPhone.Build.0 = Debug|Any CPU
		{9E91BCC8-DC1D-420E-BF64-52924C83D8C0}.Debug|iPhoneSimulator.ActiveCfg = Debug|Any CPU
		{9E91BCC8-DC1D-420E-BF64-52924C83D8C0}.Debug|iPhoneSimulator.Build.0 = Debug|Any CPU
		{9E91BCC8-DC1D-420E-BF64-52924C83D8C0}.Release|Any CPU.ActiveCfg = Release|Any CPU
		{9E91BCC8-DC1D-420E-BF64-52924C83D8C0}.Release|Any CPU.Build.0 = Release|Any CPU
		{9E91BCC8-DC1D-420E-BF64-52924C83D8C0}.Release|iPhone.ActiveCfg = Release|Any CPU
		{9E91BCC8-DC1D-420E-BF64-52924C83D8C0}.Release|iPhone.Build.0 = Release|Any CPU
		{9E91BCC8-DC1D-420E-BF64-52924C83D8C0}.Release|iPhoneSimulator.ActiveCfg = Release|Any CPU
		{9E91BCC8-DC1D-420E-BF64-52924C83D8C0}.Release|iPhoneSimulator.Build.0 = Release|Any CPU
		{8BF46221-A55D-4927-89EA-FCEBC926B989}.Ad-Hoc|Any CPU.ActiveCfg = Debug|Any CPU
		{8BF46221-A55D-4927-89EA-FCEBC926B989}.Ad-Hoc|Any CPU.Build.0 = Debug|Any CPU
		{8BF46221-A55D-4927-89EA-FCEBC926B989}.Ad-Hoc|Any CPU.Deploy.0 = Debug|Any CPU
		{8BF46221-A55D-4927-89EA-FCEBC926B989}.Ad-Hoc|iPhone.ActiveCfg = Debug|Any CPU
		{8BF46221-A55D-4927-89EA-FCEBC926B989}.Ad-Hoc|iPhone.Build.0 = Debug|Any CPU
		{8BF46221-A55D-4927-89EA-FCEBC926B989}.Ad-Hoc|iPhone.Deploy.0 = Debug|Any CPU
		{8BF46221-A55D-4927-89EA-FCEBC926B989}.Ad-Hoc|iPhoneSimulator.ActiveCfg = Debug|Any CPU
		{8BF46221-A55D-4927-89EA-FCEBC926B989}.Ad-Hoc|iPhoneSimulator.Build.0 = Debug|Any CPU
		{8BF46221-A55D-4927-89EA-FCEBC926B989}.Ad-Hoc|iPhoneSimulator.Deploy.0 = Debug|Any CPU
		{8BF46221-A55D-4927-89EA-FCEBC926B989}.AppStore|Any CPU.ActiveCfg = Debug|Any CPU
		{8BF46221-A55D-4927-89EA-FCEBC926B989}.AppStore|Any CPU.Build.0 = Debug|Any CPU
		{8BF46221-A55D-4927-89EA-FCEBC926B989}.AppStore|Any CPU.Deploy.0 = Debug|Any CPU
		{8BF46221-A55D-4927-89EA-FCEBC926B989}.AppStore|iPhone.ActiveCfg = Debug|Any CPU
		{8BF46221-A55D-4927-89EA-FCEBC926B989}.AppStore|iPhone.Build.0 = Debug|Any CPU
		{8BF46221-A55D-4927-89EA-FCEBC926B989}.AppStore|iPhone.Deploy.0 = Debug|Any CPU
		{8BF46221-A55D-4927-89EA-FCEBC926B989}.AppStore|iPhoneSimulator.ActiveCfg = Debug|Any CPU
		{8BF46221-A55D-4927-89EA-FCEBC926B989}.AppStore|iPhoneSimulator.Build.0 = Debug|Any CPU
		{8BF46221-A55D-4927-89EA-FCEBC926B989}.AppStore|iPhoneSimulator.Deploy.0 = Debug|Any CPU
		{8BF46221-A55D-4927-89EA-FCEBC926B989}.Debug|Any CPU.ActiveCfg = Debug|Any CPU
		{8BF46221-A55D-4927-89EA-FCEBC926B989}.Debug|Any CPU.Build.0 = Debug|Any CPU
		{8BF46221-A55D-4927-89EA-FCEBC926B989}.Debug|Any CPU.Deploy.0 = Debug|Any CPU
		{8BF46221-A55D-4927-89EA-FCEBC926B989}.Debug|iPhone.ActiveCfg = Debug|Any CPU
		{8BF46221-A55D-4927-89EA-FCEBC926B989}.Debug|iPhone.Build.0 = Debug|Any CPU
		{8BF46221-A55D-4927-89EA-FCEBC926B989}.Debug|iPhone.Deploy.0 = Debug|Any CPU
		{8BF46221-A55D-4927-89EA-FCEBC926B989}.Debug|iPhoneSimulator.ActiveCfg = Debug|Any CPU
		{8BF46221-A55D-4927-89EA-FCEBC926B989}.Debug|iPhoneSimulator.Build.0 = Debug|Any CPU
		{8BF46221-A55D-4927-89EA-FCEBC926B989}.Debug|iPhoneSimulator.Deploy.0 = Debug|Any CPU
		{8BF46221-A55D-4927-89EA-FCEBC926B989}.Release|Any CPU.ActiveCfg = Release|Any CPU
		{8BF46221-A55D-4927-89EA-FCEBC926B989}.Release|Any CPU.Build.0 = Release|Any CPU
		{8BF46221-A55D-4927-89EA-FCEBC926B989}.Release|Any CPU.Deploy.0 = Release|Any CPU
		{8BF46221-A55D-4927-89EA-FCEBC926B989}.Release|iPhone.ActiveCfg = Release|Any CPU
		{8BF46221-A55D-4927-89EA-FCEBC926B989}.Release|iPhone.Build.0 = Release|Any CPU
		{8BF46221-A55D-4927-89EA-FCEBC926B989}.Release|iPhone.Deploy.0 = Release|Any CPU
		{8BF46221-A55D-4927-89EA-FCEBC926B989}.Release|iPhoneSimulator.ActiveCfg = Release|Any CPU
		{8BF46221-A55D-4927-89EA-FCEBC926B989}.Release|iPhoneSimulator.Build.0 = Release|Any CPU
		{8BF46221-A55D-4927-89EA-FCEBC926B989}.Release|iPhoneSimulator.Deploy.0 = Release|Any CPU
		{80DEF6EF-D5EB-41A1-9696-CD2C8FCC2878}.Ad-Hoc|Any CPU.ActiveCfg = Ad-Hoc|iPhoneSimulator
		{80DEF6EF-D5EB-41A1-9696-CD2C8FCC2878}.Ad-Hoc|iPhone.ActiveCfg = Ad-Hoc|iPhone
		{80DEF6EF-D5EB-41A1-9696-CD2C8FCC2878}.Ad-Hoc|iPhone.Build.0 = Ad-Hoc|iPhone
		{80DEF6EF-D5EB-41A1-9696-CD2C8FCC2878}.Ad-Hoc|iPhoneSimulator.ActiveCfg = Ad-Hoc|iPhoneSimulator
		{80DEF6EF-D5EB-41A1-9696-CD2C8FCC2878}.Ad-Hoc|iPhoneSimulator.Build.0 = Ad-Hoc|iPhoneSimulator
		{80DEF6EF-D5EB-41A1-9696-CD2C8FCC2878}.AppStore|Any CPU.ActiveCfg = AppStore|iPhoneSimulator
		{80DEF6EF-D5EB-41A1-9696-CD2C8FCC2878}.AppStore|iPhone.ActiveCfg = AppStore|iPhone
		{80DEF6EF-D5EB-41A1-9696-CD2C8FCC2878}.AppStore|iPhone.Build.0 = AppStore|iPhone
		{80DEF6EF-D5EB-41A1-9696-CD2C8FCC2878}.AppStore|iPhoneSimulator.ActiveCfg = AppStore|iPhoneSimulator
		{80DEF6EF-D5EB-41A1-9696-CD2C8FCC2878}.AppStore|iPhoneSimulator.Build.0 = AppStore|iPhoneSimulator
		{80DEF6EF-D5EB-41A1-9696-CD2C8FCC2878}.Debug|Any CPU.ActiveCfg = Debug|iPhoneSimulator
		{80DEF6EF-D5EB-41A1-9696-CD2C8FCC2878}.Debug|iPhone.ActiveCfg = Debug|iPhone
		{80DEF6EF-D5EB-41A1-9696-CD2C8FCC2878}.Debug|iPhone.Build.0 = Debug|iPhone
		{80DEF6EF-D5EB-41A1-9696-CD2C8FCC2878}.Debug|iPhoneSimulator.ActiveCfg = Debug|iPhoneSimulator
		{80DEF6EF-D5EB-41A1-9696-CD2C8FCC2878}.Debug|iPhoneSimulator.Build.0 = Debug|iPhoneSimulator
		{80DEF6EF-D5EB-41A1-9696-CD2C8FCC2878}.Release|Any CPU.ActiveCfg = Release|iPhoneSimulator
		{80DEF6EF-D5EB-41A1-9696-CD2C8FCC2878}.Release|iPhone.ActiveCfg = Release|iPhone
		{80DEF6EF-D5EB-41A1-9696-CD2C8FCC2878}.Release|iPhone.Build.0 = Release|iPhone
		{80DEF6EF-D5EB-41A1-9696-CD2C8FCC2878}.Release|iPhoneSimulator.ActiveCfg = Release|iPhoneSimulator
		{80DEF6EF-D5EB-41A1-9696-CD2C8FCC2878}.Release|iPhoneSimulator.Build.0 = Release|iPhoneSimulator
	EndGlobalSection
	GlobalSection(SolutionProperties) = preSolution
		HideSolutionNode = FALSE
	EndGlobalSection
	GlobalSection(ExtensibilityGlobals) = postSolution
		SolutionGuid = {EE1C10E8-BC36-4930-A714-2284DAFE329F}
	EndGlobalSection
EndGlobal
